// !$*UTF8*$!
{
	archiveVersion = 1;
	classes = {
	};
	objectVersion = 51;
	objects = {

/* Begin PBXBuildFile section */
		145F90D7DD547E593D2EF8E4 /* Pods_CocktailApp.framework in Frameworks */ = {isa = PBXBuildFile; fileRef = 1B67DE339F30CF8A137EB740 /* Pods_CocktailApp.framework */; };
		3A2B9B7128311B570015D5D6 /* CocktailRecipeVC.swift in Sources */ = {isa = PBXBuildFile; fileRef = 3A2B9B7028311B570015D5D6 /* CocktailRecipeVC.swift */; };
		3A2B9B7428311D950015D5D6 /* IngredientsHeader.swift in Sources */ = {isa = PBXBuildFile; fileRef = 3A2B9B7328311D950015D5D6 /* IngredientsHeader.swift */; };
		3A2B9B7728311DAC0015D5D6 /* StepsHeader.swift in Sources */ = {isa = PBXBuildFile; fileRef = 3A2B9B7628311DAC0015D5D6 /* StepsHeader.swift */; };
		3A2B9B7A28311DCA0015D5D6 /* IngredientsCell.swift in Sources */ = {isa = PBXBuildFile; fileRef = 3A2B9B7928311DCA0015D5D6 /* IngredientsCell.swift */; };
		3A2B9B7D28311DD90015D5D6 /* StepsCell.swift in Sources */ = {isa = PBXBuildFile; fileRef = 3A2B9B7C28311DD90015D5D6 /* StepsCell.swift */; };
		3A2B9B972831878F0015D5D6 /* Drinks.swift in Sources */ = {isa = PBXBuildFile; fileRef = 3A2B9B962831878F0015D5D6 /* Drinks.swift */; };
		3A2B9B9A2831A7FE0015D5D6 /* IngredientSearch.swift in Sources */ = {isa = PBXBuildFile; fileRef = 3A2B9B992831A7FE0015D5D6 /* IngredientSearch.swift */; };
		3A45538C28322E2E00C4195A /* CocktailModel.swift in Sources */ = {isa = PBXBuildFile; fileRef = 3A45538B28322E2E00C4195A /* CocktailModel.swift */; };
		3A45538F28322E7A00C4195A /* SearchModel.swift in Sources */ = {isa = PBXBuildFile; fileRef = 3A45538E28322E7A00C4195A /* SearchModel.swift */; };
		3A45539228322EFE00C4195A /* CocktailResponse.swift in Sources */ = {isa = PBXBuildFile; fileRef = 3A45539128322EFE00C4195A /* CocktailResponse.swift */; };
		3AF565F228301F6000AD3AC0 /* AppDelegate.swift in Sources */ = {isa = PBXBuildFile; fileRef = 3AF565F128301F6000AD3AC0 /* AppDelegate.swift */; };
		3AF565F428301F6000AD3AC0 /* SceneDelegate.swift in Sources */ = {isa = PBXBuildFile; fileRef = 3AF565F328301F6000AD3AC0 /* SceneDelegate.swift */; };
		3AF565FB28301F6900AD3AC0 /* Assets.xcassets in Resources */ = {isa = PBXBuildFile; fileRef = 3AF565FA28301F6900AD3AC0 /* Assets.xcassets */; };
		3AF565FE28301F6900AD3AC0 /* LaunchScreen.storyboard in Resources */ = {isa = PBXBuildFile; fileRef = 3AF565FC28301F6900AD3AC0 /* LaunchScreen.storyboard */; };
		3AF5660A2830209900AD3AC0 /* CocktailSearchVC.swift in Sources */ = {isa = PBXBuildFile; fileRef = 3AF566092830209900AD3AC0 /* CocktailSearchVC.swift */; };
		3AF566122830471100AD3AC0 /* CocktailCell.swift in Sources */ = {isa = PBXBuildFile; fileRef = 3AF566112830471100AD3AC0 /* CocktailCell.swift */; };
/* End PBXBuildFile section */

/* Begin PBXFileReference section */
		1B67DE339F30CF8A137EB740 /* Pods_CocktailApp.framework */ = {isa = PBXFileReference; explicitFileType = wrapper.framework; includeInIndex = 0; path = Pods_CocktailApp.framework; sourceTree = BUILT_PRODUCTS_DIR; };
		3A2B9B7028311B570015D5D6 /* CocktailRecipeVC.swift */ = {isa = PBXFileReference; lastKnownFileType = sourcecode.swift; path = CocktailRecipeVC.swift; sourceTree = "<group>"; };
		3A2B9B7328311D950015D5D6 /* IngredientsHeader.swift */ = {isa = PBXFileReference; lastKnownFileType = sourcecode.swift; path = IngredientsHeader.swift; sourceTree = "<group>"; };
		3A2B9B7628311DAC0015D5D6 /* StepsHeader.swift */ = {isa = PBXFileReference; lastKnownFileType = sourcecode.swift; path = StepsHeader.swift; sourceTree = "<group>"; };
		3A2B9B7928311DCA0015D5D6 /* IngredientsCell.swift */ = {isa = PBXFileReference; lastKnownFileType = sourcecode.swift; path = IngredientsCell.swift; sourceTree = "<group>"; };
		3A2B9B7C28311DD90015D5D6 /* StepsCell.swift */ = {isa = PBXFileReference; lastKnownFileType = sourcecode.swift; path = StepsCell.swift; sourceTree = "<group>"; };
		3A2B9B962831878F0015D5D6 /* Drinks.swift */ = {isa = PBXFileReference; lastKnownFileType = sourcecode.swift; path = Drinks.swift; sourceTree = "<group>"; };
		3A2B9B992831A7FE0015D5D6 /* IngredientSearch.swift */ = {isa = PBXFileReference; lastKnownFileType = sourcecode.swift; path = IngredientSearch.swift; sourceTree = "<group>"; };
		3A45538B28322E2E00C4195A /* CocktailModel.swift */ = {isa = PBXFileReference; lastKnownFileType = sourcecode.swift; path = CocktailModel.swift; sourceTree = "<group>"; };
		3A45538E28322E7A00C4195A /* SearchModel.swift */ = {isa = PBXFileReference; lastKnownFileType = sourcecode.swift; path = SearchModel.swift; sourceTree = "<group>"; };
		3A45539128322EFE00C4195A /* CocktailResponse.swift */ = {isa = PBXFileReference; lastKnownFileType = sourcecode.swift; path = CocktailResponse.swift; sourceTree = "<group>"; };
		3AF565EE28301F6000AD3AC0 /* CocktailApp.app */ = {isa = PBXFileReference; explicitFileType = wrapper.application; includeInIndex = 0; path = CocktailApp.app; sourceTree = BUILT_PRODUCTS_DIR; };
		3AF565F128301F6000AD3AC0 /* AppDelegate.swift */ = {isa = PBXFileReference; lastKnownFileType = sourcecode.swift; path = AppDelegate.swift; sourceTree = "<group>"; };
		3AF565F328301F6000AD3AC0 /* SceneDelegate.swift */ = {isa = PBXFileReference; lastKnownFileType = sourcecode.swift; path = SceneDelegate.swift; sourceTree = "<group>"; };
		3AF565FA28301F6900AD3AC0 /* Assets.xcassets */ = {isa = PBXFileReference; lastKnownFileType = folder.assetcatalog; path = Assets.xcassets; sourceTree = "<group>"; };
		3AF565FD28301F6900AD3AC0 /* Base */ = {isa = PBXFileReference; lastKnownFileType = file.storyboard; name = Base; path = Base.lproj/LaunchScreen.storyboard; sourceTree = "<group>"; };
		3AF565FF28301F6900AD3AC0 /* Info.plist */ = {isa = PBXFileReference; lastKnownFileType = text.plist.xml; path = Info.plist; sourceTree = "<group>"; };
		3AF566092830209900AD3AC0 /* CocktailSearchVC.swift */ = {isa = PBXFileReference; lastKnownFileType = sourcecode.swift; path = CocktailSearchVC.swift; sourceTree = "<group>"; };
		3AF566112830471100AD3AC0 /* CocktailCell.swift */ = {isa = PBXFileReference; lastKnownFileType = sourcecode.swift; path = CocktailCell.swift; sourceTree = "<group>"; };
		4C0FA294C6AB99CAEEF1B7FC /* Pods-CocktailApp.debug.xcconfig */ = {isa = PBXFileReference; includeInIndex = 1; lastKnownFileType = text.xcconfig; name = "Pods-CocktailApp.debug.xcconfig"; path = "Target Support Files/Pods-CocktailApp/Pods-CocktailApp.debug.xcconfig"; sourceTree = "<group>"; };
		D86FFB528FF3F89BFF392D75 /* Pods-CocktailApp.release.xcconfig */ = {isa = PBXFileReference; includeInIndex = 1; lastKnownFileType = text.xcconfig; name = "Pods-CocktailApp.release.xcconfig"; path = "Target Support Files/Pods-CocktailApp/Pods-CocktailApp.release.xcconfig"; sourceTree = "<group>"; };
/* End PBXFileReference section */

/* Begin PBXFrameworksBuildPhase section */
		3AF565EB28301F6000AD3AC0 /* Frameworks */ = {
			isa = PBXFrameworksBuildPhase;
			buildActionMask = 2147483647;
			files = (
				145F90D7DD547E593D2EF8E4 /* Pods_CocktailApp.framework in Frameworks */,
			);
			runOnlyForDeploymentPostprocessing = 0;
		};
/* End PBXFrameworksBuildPhase section */

/* Begin PBXGroup section */
		3A2B9B81283167A70015D5D6 /* AppSetup */ = {
			isa = PBXGroup;
			children = (
				3AF565F128301F6000AD3AC0 /* AppDelegate.swift */,
				3AF565F328301F6000AD3AC0 /* SceneDelegate.swift */,
			);
			path = AppSetup;
			sourceTree = "<group>";
		};
		3A2B9B82283167E50015D5D6 /* Screens */ = {
			isa = PBXGroup;
			children = (
				3AF566092830209900AD3AC0 /* CocktailSearchVC.swift */,
				3A2B9B83283168200015D5D6 /* CoctailSearchVCCells */,
				3A2B9B7028311B570015D5D6 /* CocktailRecipeVC.swift */,
				3A2B9B842831685B0015D5D6 /* CocktailRecipeVCHeaders */,
				3A2B9B852831688B0015D5D6 /* CocktailRecipeVCCells */,
			);
			path = Screens;
			sourceTree = "<group>";
		};
		3A2B9B83283168200015D5D6 /* CoctailSearchVCCells */ = {
			isa = PBXGroup;
			children = (
				3AF566112830471100AD3AC0 /* CocktailCell.swift */,
			);
			path = CoctailSearchVCCells;
			sourceTree = "<group>";
		};
		3A2B9B842831685B0015D5D6 /* CocktailRecipeVCHeaders */ = {
			isa = PBXGroup;
			children = (
				3A2B9B7328311D950015D5D6 /* IngredientsHeader.swift */,
				3A2B9B7628311DAC0015D5D6 /* StepsHeader.swift */,
			);
			path = CocktailRecipeVCHeaders;
			sourceTree = "<group>";
		};
		3A2B9B852831688B0015D5D6 /* CocktailRecipeVCCells */ = {
			isa = PBXGroup;
			children = (
				3A2B9B7928311DCA0015D5D6 /* IngredientsCell.swift */,
				3A2B9B7C28311DD90015D5D6 /* StepsCell.swift */,
			);
			path = CocktailRecipeVCCells;
			sourceTree = "<group>";
		};
		3A2B9B8628316D7F0015D5D6 /* ApiModels */ = {
			isa = PBXGroup;
			children = (
				3A2B9B962831878F0015D5D6 /* Drinks.swift */,
				3A2B9B992831A7FE0015D5D6 /* IngredientSearch.swift */,
				3A45538B28322E2E00C4195A /* CocktailModel.swift */,
				3A45538E28322E7A00C4195A /* SearchModel.swift */,
				3A45539128322EFE00C4195A /* CocktailResponse.swift */,
			);
			path = ApiModels;
			sourceTree = "<group>";
		};
		3AF565E528301F6000AD3AC0 = {
			isa = PBXGroup;
			children = (
				3AF565F028301F6000AD3AC0 /* CocktailApp */,
				3AF565EF28301F6000AD3AC0 /* Products */,
				E8C7B7206289D99766D51465 /* Pods */,
				E2D7962B42FE7EE3BA095B02 /* Frameworks */,
			);
			sourceTree = "<group>";
		};
		3AF565EF28301F6000AD3AC0 /* Products */ = {
			isa = PBXGroup;
			children = (
				3AF565EE28301F6000AD3AC0 /* CocktailApp.app */,
			);
			name = Products;
			sourceTree = "<group>";
		};
		3AF565F028301F6000AD3AC0 /* CocktailApp */ = {
			isa = PBXGroup;
			children = (
				3A2B9B81283167A70015D5D6 /* AppSetup */,
				3A2B9B8628316D7F0015D5D6 /* ApiModels */,
				3A2B9B82283167E50015D5D6 /* Screens */,
				3AF565FA28301F6900AD3AC0 /* Assets.xcassets */,
				3AF565FC28301F6900AD3AC0 /* LaunchScreen.storyboard */,
				3AF565FF28301F6900AD3AC0 /* Info.plist */,
			);
			path = CocktailApp;
			sourceTree = "<group>";
		};
		E2D7962B42FE7EE3BA095B02 /* Frameworks */ = {
			isa = PBXGroup;
			children = (
				1B67DE339F30CF8A137EB740 /* Pods_CocktailApp.framework */,
			);
			name = Frameworks;
			sourceTree = "<group>";
		};
		E8C7B7206289D99766D51465 /* Pods */ = {
			isa = PBXGroup;
			children = (
				4C0FA294C6AB99CAEEF1B7FC /* Pods-CocktailApp.debug.xcconfig */,
				D86FFB528FF3F89BFF392D75 /* Pods-CocktailApp.release.xcconfig */,
			);
			path = Pods;
			sourceTree = "<group>";
		};
/* End PBXGroup section */

/* Begin PBXNativeTarget section */
		3AF565ED28301F6000AD3AC0 /* CocktailApp */ = {
			isa = PBXNativeTarget;
			buildConfigurationList = 3AF5660228301F6900AD3AC0 /* Build configuration list for PBXNativeTarget "CocktailApp" */;
			buildPhases = (
				04D1E46A9DF3FF26DEF9C649 /* [CP] Check Pods Manifest.lock */,
				3AF565EA28301F6000AD3AC0 /* Sources */,
				3AF565EB28301F6000AD3AC0 /* Frameworks */,
				3AF565EC28301F6000AD3AC0 /* Resources */,
				2F1672B81B017F74E0AFAF2A /* [CP] Embed Pods Frameworks */,
			);
			buildRules = (
			);
			dependencies = (
			);
			name = CocktailApp;
			productName = CocktailApp;
			productReference = 3AF565EE28301F6000AD3AC0 /* CocktailApp.app */;
			productType = "com.apple.product-type.application";
		};
/* End PBXNativeTarget section */

/* Begin PBXProject section */
		3AF565E628301F6000AD3AC0 /* Project object */ = {
			isa = PBXProject;
			attributes = {
				LastSwiftUpdateCheck = 1240;
				LastUpgradeCheck = 1240;
				TargetAttributes = {
					3AF565ED28301F6000AD3AC0 = {
						CreatedOnToolsVersion = 12.4;
					};
				};
			};
			buildConfigurationList = 3AF565E928301F6000AD3AC0 /* Build configuration list for PBXProject "CocktailApp" */;
			compatibilityVersion = "Xcode 9.3";
			developmentRegion = en;
			hasScannedForEncodings = 0;
			knownRegions = (
				en,
				Base,
			);
			mainGroup = 3AF565E528301F6000AD3AC0;
			productRefGroup = 3AF565EF28301F6000AD3AC0 /* Products */;
			projectDirPath = "";
			projectRoot = "";
			targets = (
				3AF565ED28301F6000AD3AC0 /* CocktailApp */,
			);
		};
/* End PBXProject section */

/* Begin PBXResourcesBuildPhase section */
		3AF565EC28301F6000AD3AC0 /* Resources */ = {
			isa = PBXResourcesBuildPhase;
			buildActionMask = 2147483647;
			files = (
				3AF565FE28301F6900AD3AC0 /* LaunchScreen.storyboard in Resources */,
				3AF565FB28301F6900AD3AC0 /* Assets.xcassets in Resources */,
			);
			runOnlyForDeploymentPostprocessing = 0;
		};
/* End PBXResourcesBuildPhase section */

/* Begin PBXShellScriptBuildPhase section */
		04D1E46A9DF3FF26DEF9C649 /* [CP] Check Pods Manifest.lock */ = {
			isa = PBXShellScriptBuildPhase;
			buildActionMask = 2147483647;
			files = (
			);
			inputFileListPaths = (
			);
			inputPaths = (
				"${PODS_PODFILE_DIR_PATH}/Podfile.lock",
				"${PODS_ROOT}/Manifest.lock",
			);
			name = "[CP] Check Pods Manifest.lock";
			outputFileListPaths = (
			);
			outputPaths = (
				"$(DERIVED_FILE_DIR)/Pods-CocktailApp-checkManifestLockResult.txt",
			);
			runOnlyForDeploymentPostprocessing = 0;
			shellPath = /bin/sh;
			shellScript = "diff \"${PODS_PODFILE_DIR_PATH}/Podfile.lock\" \"${PODS_ROOT}/Manifest.lock\" > /dev/null\nif [ $? != 0 ] ; then\n    # print error to STDERR\n    echo \"error: The sandbox is not in sync with the Podfile.lock. Run 'pod install' or update your CocoaPods installation.\" >&2\n    exit 1\nfi\n# This output is used by Xcode 'outputs' to avoid re-running this script phase.\necho \"SUCCESS\" > \"${SCRIPT_OUTPUT_FILE_0}\"\n";
			showEnvVarsInLog = 0;
		};
		2F1672B81B017F74E0AFAF2A /* [CP] Embed Pods Frameworks */ = {
			isa = PBXShellScriptBuildPhase;
			buildActionMask = 2147483647;
			files = (
			);
			inputFileListPaths = (
				"${PODS_ROOT}/Target Support Files/Pods-CocktailApp/Pods-CocktailApp-frameworks-${CONFIGURATION}-input-files.xcfilelist",
			);
			name = "[CP] Embed Pods Frameworks";
			outputFileListPaths = (
				"${PODS_ROOT}/Target Support Files/Pods-CocktailApp/Pods-CocktailApp-frameworks-${CONFIGURATION}-output-files.xcfilelist",
			);
			runOnlyForDeploymentPostprocessing = 0;
			shellPath = /bin/sh;
			shellScript = "\"${PODS_ROOT}/Target Support Files/Pods-CocktailApp/Pods-CocktailApp-frameworks.sh\"\n";
			showEnvVarsInLog = 0;
		};
/* End PBXShellScriptBuildPhase section */

/* Begin PBXSourcesBuildPhase section */
		3AF565EA28301F6000AD3AC0 /* Sources */ = {
			isa = PBXSourcesBuildPhase;
			buildActionMask = 2147483647;
			files = (
				3A45538F28322E7A00C4195A /* SearchModel.swift in Sources */,
				3AF5660A2830209900AD3AC0 /* CocktailSearchVC.swift in Sources */,
				3A45538C28322E2E00C4195A /* CocktailModel.swift in Sources */,
				3AF565F228301F6000AD3AC0 /* AppDelegate.swift in Sources */,
				3A45539228322EFE00C4195A /* CocktailResponse.swift in Sources */,
				3A2B9B7728311DAC0015D5D6 /* StepsHeader.swift in Sources */,
				3A2B9B9A2831A7FE0015D5D6 /* IngredientSearch.swift in Sources */,
				3AF565F428301F6000AD3AC0 /* SceneDelegate.swift in Sources */,
				3A2B9B7D28311DD90015D5D6 /* StepsCell.swift in Sources */,
				3A2B9B7A28311DCA0015D5D6 /* IngredientsCell.swift in Sources */,
				3A2B9B972831878F0015D5D6 /* Drinks.swift in Sources */,
				3A2B9B7428311D950015D5D6 /* IngredientsHeader.swift in Sources */,
				3A2B9B7128311B570015D5D6 /* CocktailRecipeVC.swift in Sources */,
				3AF566122830471100AD3AC0 /* CocktailCell.swift in Sources */,
			);
			runOnlyForDeploymentPostprocessing = 0;
		};
/* End PBXSourcesBuildPhase section */

/* Begin PBXVariantGroup section */
		3AF565FC28301F6900AD3AC0 /* LaunchScreen.storyboard */ = {
			isa = PBXVariantGroup;
			children = (
				3AF565FD28301F6900AD3AC0 /* Base */,
			);
			name = LaunchScreen.storyboard;
			sourceTree = "<group>";
		};
/* End PBXVariantGroup section */

/* Begin XCBuildConfiguration section */
		3AF5660028301F6900AD3AC0 /* Debug */ = {
			isa = XCBuildConfiguration;
			buildSettings = {
				ALWAYS_SEARCH_USER_PATHS = NO;
				CLANG_ANALYZER_NONNULL = YES;
				CLANG_ANALYZER_NUMBER_OBJECT_CONVERSION = YES_AGGRESSIVE;
				CLANG_CXX_LANGUAGE_STANDARD = "gnu++14";
				CLANG_CXX_LIBRARY = "libc++";
				CLANG_ENABLE_MODULES = YES;
				CLANG_ENABLE_OBJC_ARC = YES;
				CLANG_ENABLE_OBJC_WEAK = YES;
				CLANG_WARN_BLOCK_CAPTURE_AUTORELEASING = YES;
				CLANG_WARN_BOOL_CONVERSION = YES;
				CLANG_WARN_COMMA = YES;
				CLANG_WARN_CONSTANT_CONVERSION = YES;
				CLANG_WARN_DEPRECATED_OBJC_IMPLEMENTATIONS = YES;
				CLANG_WARN_DIRECT_OBJC_ISA_USAGE = YES_ERROR;
				CLANG_WARN_DOCUMENTATION_COMMENTS = YES;
				CLANG_WARN_EMPTY_BODY = YES;
				CLANG_WARN_ENUM_CONVERSION = YES;
				CLANG_WARN_INFINITE_RECURSION = YES;
				CLANG_WARN_INT_CONVERSION = YES;
				CLANG_WARN_NON_LITERAL_NULL_CONVERSION = YES;
				CLANG_WARN_OBJC_IMPLICIT_RETAIN_SELF = YES;
				CLANG_WARN_OBJC_LITERAL_CONVERSION = YES;
				CLANG_WARN_OBJC_ROOT_CLASS = YES_ERROR;
				CLANG_WARN_QUOTED_INCLUDE_IN_FRAMEWORK_HEADER = YES;
				CLANG_WARN_RANGE_LOOP_ANALYSIS = YES;
				CLANG_WARN_STRICT_PROTOTYPES = YES;
				CLANG_WARN_SUSPICIOUS_MOVE = YES;
				CLANG_WARN_UNGUARDED_AVAILABILITY = YES_AGGRESSIVE;
				CLANG_WARN_UNREACHABLE_CODE = YES;
				CLANG_WARN__DUPLICATE_METHOD_MATCH = YES;
				COPY_PHASE_STRIP = NO;
				DEBUG_INFORMATION_FORMAT = dwarf;
				ENABLE_STRICT_OBJC_MSGSEND = YES;
				ENABLE_TESTABILITY = YES;
				GCC_C_LANGUAGE_STANDARD = gnu11;
				GCC_DYNAMIC_NO_PIC = NO;
				GCC_NO_COMMON_BLOCKS = YES;
				GCC_OPTIMIZATION_LEVEL = 0;
				GCC_PREPROCESSOR_DEFINITIONS = (
					"DEBUG=1",
					"$(inherited)",
				);
				GCC_WARN_64_TO_32_BIT_CONVERSION = YES;
				GCC_WARN_ABOUT_RETURN_TYPE = YES_ERROR;
				GCC_WARN_UNDECLARED_SELECTOR = YES;
				GCC_WARN_UNINITIALIZED_AUTOS = YES_AGGRESSIVE;
				GCC_WARN_UNUSED_FUNCTION = YES;
				GCC_WARN_UNUSED_VARIABLE = YES;
				IPHONEOS_DEPLOYMENT_TARGET = 13.0;
				MTL_ENABLE_DEBUG_INFO = INCLUDE_SOURCE;
				MTL_FAST_MATH = YES;
				ONLY_ACTIVE_ARCH = YES;
				SDKROOT = iphoneos;
				SWIFT_ACTIVE_COMPILATION_CONDITIONS = DEBUG;
				SWIFT_OPTIMIZATION_LEVEL = "-Onone";
			};
			name = Debug;
		};
		3AF5660128301F6900AD3AC0 /* Release */ = {
			isa = XCBuildConfiguration;
			buildSettings = {
				ALWAYS_SEARCH_USER_PATHS = NO;
				CLANG_ANALYZER_NONNULL = YES;
				CLANG_ANALYZER_NUMBER_OBJECT_CONVERSION = YES_AGGRESSIVE;
				CLANG_CXX_LANGUAGE_STANDARD = "gnu++14";
				CLANG_CXX_LIBRARY = "libc++";
				CLANG_ENABLE_MODULES = YES;
				CLANG_ENABLE_OBJC_ARC = YES;
				CLANG_ENABLE_OBJC_WEAK = YES;
				CLANG_WARN_BLOCK_CAPTURE_AUTORELEASING = YES;
				CLANG_WARN_BOOL_CONVERSION = YES;
				CLANG_WARN_COMMA = YES;
				CLANG_WARN_CONSTANT_CONVERSION = YES;
				CLANG_WARN_DEPRECATED_OBJC_IMPLEMENTATIONS = YES;
				CLANG_WARN_DIRECT_OBJC_ISA_USAGE = YES_ERROR;
				CLANG_WARN_DOCUMENTATION_COMMENTS = YES;
				CLANG_WARN_EMPTY_BODY = YES;
				CLANG_WARN_ENUM_CONVERSION = YES;
				CLANG_WARN_INFINITE_RECURSION = YES;
				CLANG_WARN_INT_CONVERSION = YES;
				CLANG_WARN_NON_LITERAL_NULL_CONVERSION = YES;
				CLANG_WARN_OBJC_IMPLICIT_RETAIN_SELF = YES;
				CLANG_WARN_OBJC_LITERAL_CONVERSION = YES;
				CLANG_WARN_OBJC_ROOT_CLASS = YES_ERROR;
				CLANG_WARN_QUOTED_INCLUDE_IN_FRAMEWORK_HEADER = YES;
				CLANG_WARN_RANGE_LOOP_ANALYSIS = YES;
				CLANG_WARN_STRICT_PROTOTYPES = YES;
				CLANG_WARN_SUSPICIOUS_MOVE = YES;
				CLANG_WARN_UNGUARDED_AVAILABILITY = YES_AGGRESSIVE;
				CLANG_WARN_UNREACHABLE_CODE = YES;
				CLANG_WARN__DUPLICATE_METHOD_MATCH = YES;
				COPY_PHASE_STRIP = NO;
				DEBUG_INFORMATION_FORMAT = "dwarf-with-dsym";
				ENABLE_NS_ASSERTIONS = NO;
				ENABLE_STRICT_OBJC_MSGSEND = YES;
				GCC_C_LANGUAGE_STANDARD = gnu11;
				GCC_NO_COMMON_BLOCKS = YES;
				GCC_WARN_64_TO_32_BIT_CONVERSION = YES;
				GCC_WARN_ABOUT_RETURN_TYPE = YES_ERROR;
				GCC_WARN_UNDECLARED_SELECTOR = YES;
				GCC_WARN_UNINITIALIZED_AUTOS = YES_AGGRESSIVE;
				GCC_WARN_UNUSED_FUNCTION = YES;
				GCC_WARN_UNUSED_VARIABLE = YES;
				IPHONEOS_DEPLOYMENT_TARGET = 13.0;
				MTL_ENABLE_DEBUG_INFO = NO;
				MTL_FAST_MATH = YES;
				SDKROOT = iphoneos;
				SWIFT_COMPILATION_MODE = wholemodule;
				SWIFT_OPTIMIZATION_LEVEL = "-O";
				VALIDATE_PRODUCT = YES;
			};
			name = Release;
		};
		3AF5660328301F6900AD3AC0 /* Debug */ = {
			isa = XCBuildConfiguration;
			baseConfigurationReference = 4C0FA294C6AB99CAEEF1B7FC /* Pods-CocktailApp.debug.xcconfig */;
			buildSettings = {
				ASSETCATALOG_COMPILER_APPICON_NAME = AppIcon;
				ASSETCATALOG_COMPILER_GLOBAL_ACCENT_COLOR_NAME = AccentColor;
				CODE_SIGN_STYLE = Automatic;
				INFOPLIST_FILE = CocktailApp/Info.plist;
				IPHONEOS_DEPLOYMENT_TARGET = 13.2;
				LD_RUNPATH_SEARCH_PATHS = (
					"$(inherited)",
					"@executable_path/Frameworks",
				);
				PRODUCT_BUNDLE_IDENTIFIER = com.sebulla.CocktailApp;
				PRODUCT_NAME = "$(TARGET_NAME)";
				SWIFT_VERSION = 5.0;
				TARGETED_DEVICE_FAMILY = 1;
			};
			name = Debug;
		};
		3AF5660428301F6900AD3AC0 /* Release */ = {
			isa = XCBuildConfiguration;
			baseConfigurationReference = D86FFB528FF3F89BFF392D75 /* Pods-CocktailApp.release.xcconfig */;
			buildSettings = {
				ASSETCATALOG_COMPILER_APPICON_NAME = AppIcon;
				ASSETCATALOG_COMPILER_GLOBAL_ACCENT_COLOR_NAME = AccentColor;
				CODE_SIGN_STYLE = Automatic;
				INFOPLIST_FILE = CocktailApp/Info.plist;
				IPHONEOS_DEPLOYMENT_TARGET = 13.2;
				LD_RUNPATH_SEARCH_PATHS = (
					"$(inherited)",
					"@executable_path/Frameworks",
				);
				PRODUCT_BUNDLE_IDENTIFIER = com.sebulla.CocktailApp;
				PRODUCT_NAME = "$(TARGET_NAME)";
				SWIFT_VERSION = 5.0;
				TARGETED_DEVICE_FAMILY = 1;
			};
			name = Release;
		};
/* End XCBuildConfiguration section */

/* Begin XCConfigurationList section */
		3AF565E928301F6000AD3AC0 /* Build configuration list for PBXProject "CocktailApp" */ = {
			isa = XCConfigurationList;
			buildConfigurations = (
				3AF5660028301F6900AD3AC0 /* Debug */,
				3AF5660128301F6900AD3AC0 /* Release */,
			);
			defaultConfigurationIsVisible = 0;
			defaultConfigurationName = Release;
		};
		3AF5660228301F6900AD3AC0 /* Build configuration list for PBXNativeTarget "CocktailApp" */ = {
			isa = XCConfigurationList;
			buildConfigurations = (
				3AF5660328301F6900AD3AC0 /* Debug */,
				3AF5660428301F6900AD3AC0 /* Release */,
			);
			defaultConfigurationIsVisible = 0;
			defaultConfigurationName = Release;
		};
/* End XCConfigurationList section */
	};
	rootObject = 3AF565E628301F6000AD3AC0 /* Project object */;
}
